
Microsoft Visual Studio Solution File, Format Version 12.00
# Visual Studio Version 17
VisualStudioVersion = 17.0.31903.59
MinimumVisualStudioVersion = 10.0.40219.1
Project("{FAE04EC0-301F-11D3-BF4B-00C04F79EFBC}") = "SimpleDB", "SimpleDB\SimpleDB.csproj", "{1284C9D4-B2FD-40D9-B056-DD7B0D6CDA87}"
EndProject
Project("{FAE04EC0-301F-11D3-BF4B-00C04F79EFBC}") = "SimpleDB.Test", "SimpleDB.Test\SimpleDB.Test.csproj", "{B5FED19F-8098-4FE6-A839-CAC017D55A07}"
EndProject
Global
	GlobalSection(SolutionConfigurationPlatforms) = preSolution
		Debug|Any CPU = Debug|Any CPU
		Release|Any CPU = Release|Any CPU
	EndGlobalSection
	GlobalSection(SolutionProperties) = preSolution
		HideSolutionNode = FALSE
	EndGlobalSection
	GlobalSection(ProjectConfigurationPlatforms) = postSolution
		{1284C9D4-B2FD-40D9-B056-DD7B0D6CDA87}.Debug|Any CPU.ActiveCfg = Debug|Any CPU
		{1284C9D4-B2FD-40D9-B056-DD7B0D6CDA87}.Debug|Any CPU.Build.0 = Debug|Any CPU
		{1284C9D4-B2FD-40D9-B056-DD7B0D6CDA87}.Release|Any CPU.ActiveCfg = Release|Any CPU
		{1284C9D4-B2FD-40D9-B056-DD7B0D6CDA87}.Release|Any CPU.Build.0 = Release|Any CPU
		{B5FED19F-8098-4FE6-A839-CAC017D55A07}.Debug|Any CPU.ActiveCfg = Debug|Any CPU
		{B5FED19F-8098-4FE6-A839-CAC017D55A07}.Debug|Any CPU.Build.0 = Debug|Any CPU
		{B5FED19F-8098-4FE6-A839-CAC017D55A07}.Release|Any CPU.ActiveCfg = Release|Any CPU
		{B5FED19F-8098-4FE6-A839-CAC017D55A07}.Release|Any CPU.Build.0 = Release|Any CPU
	EndGlobalSection
EndGlobal
