
Microsoft Visual Studio Solution File, Format Version 12.00
# Visual Studio Version 17
VisualStudioVersion = 17.0.31903.59
MinimumVisualStudioVersion = 10.0.40219.1
Project("{2150E333-8FDC-42A3-9474-1A3956D46DE8}") = "src", "src", "{6AB93BE9-AA1F-44F3-8945-C705F930EF6D}"
EndProject
Project("{FAE04EC0-301F-11D3-BF4B-00C04F79EFBC}") = "SimpleDB", "src\SimpleDB\SimpleDB.csproj", "{6B46203A-CAE7-4931-86DF-3D63A822E1E4}"
EndProject
Project("{2150E333-8FDC-42A3-9474-1A3956D46DE8}") = "tests", "tests", "{D44335D7-9C62-4756-8BBD-875B83E355AC}"
EndProject
Project("{FAE04EC0-301F-11D3-BF4B-00C04F79EFBC}") = "SimpleDB.Test", "tests\SimpleDB.Test\SimpleDB.Test.csproj", "{AE88FA70-D7F1-4470-AAA7-900145559129}"
EndProject
Project("{FAE04EC0-301F-11D3-BF4B-00C04F79EFBC}") = "SimpleDB.Feat.Test", "tests\SimpleDB.Feat.Test\SimpleDB.Feat.Test.csproj", "{1A3D5DCD-2510-421A-925C-B7EB32302CAA}"
EndProject
Global
	GlobalSection(SolutionConfigurationPlatforms) = preSolution
		Debug|Any CPU = Debug|Any CPU
		Release|Any CPU = Release|Any CPU
	EndGlobalSection
	GlobalSection(SolutionProperties) = preSolution
		HideSolutionNode = FALSE
	EndGlobalSection
	GlobalSection(ProjectConfigurationPlatforms) = postSolution
		{6B46203A-CAE7-4931-86DF-3D63A822E1E4}.Debug|Any CPU.ActiveCfg = Debug|Any CPU
		{6B46203A-CAE7-4931-86DF-3D63A822E1E4}.Debug|Any CPU.Build.0 = Debug|Any CPU
		{6B46203A-CAE7-4931-86DF-3D63A822E1E4}.Release|Any CPU.ActiveCfg = Release|Any CPU
		{6B46203A-CAE7-4931-86DF-3D63A822E1E4}.Release|Any CPU.Build.0 = Release|Any CPU
		{AE88FA70-D7F1-4470-AAA7-900145559129}.Debug|Any CPU.ActiveCfg = Debug|Any CPU
		{AE88FA70-D7F1-4470-AAA7-900145559129}.Debug|Any CPU.Build.0 = Debug|Any CPU
		{AE88FA70-D7F1-4470-AAA7-900145559129}.Release|Any CPU.ActiveCfg = Release|Any CPU
		{AE88FA70-D7F1-4470-AAA7-900145559129}.Release|Any CPU.Build.0 = Release|Any CPU
		{1A3D5DCD-2510-421A-925C-B7EB32302CAA}.Debug|Any CPU.ActiveCfg = Debug|Any CPU
		{1A3D5DCD-2510-421A-925C-B7EB32302CAA}.Debug|Any CPU.Build.0 = Debug|Any CPU
		{1A3D5DCD-2510-421A-925C-B7EB32302CAA}.Release|Any CPU.ActiveCfg = Release|Any CPU
		{1A3D5DCD-2510-421A-925C-B7EB32302CAA}.Release|Any CPU.Build.0 = Release|Any CPU
	EndGlobalSection
	GlobalSection(NestedProjects) = preSolution
		{6B46203A-CAE7-4931-86DF-3D63A822E1E4} = {6AB93BE9-AA1F-44F3-8945-C705F930EF6D}
		{AE88FA70-D7F1-4470-AAA7-900145559129} = {D44335D7-9C62-4756-8BBD-875B83E355AC}
		{1A3D5DCD-2510-421A-925C-B7EB32302CAA} = {D44335D7-9C62-4756-8BBD-875B83E355AC}
	EndGlobalSection
EndGlobal
